
Microsoft Visual Studio Solution File, Format Version 12.00
# Visual Studio 15
VisualStudioVersion = 15.0.27130.2027
MinimumVisualStudioVersion = 10.0.40219.1
Project("{FAE04EC0-301F-11D3-BF4B-00C04F79EFBC}") = "ToDoApp", "ToDoApp\ToDoApp.csproj", "{448786B4-28B1-46F2-A062-03BE11180927}"
EndProject
Global
	GlobalSection(SolutionConfigurationPlatforms) = preSolution
		Debug|Any CPU = Debug|Any CPU
		Release|Any CPU = Release|Any CPU
	EndGlobalSection
	GlobalSection(ProjectConfigurationPlatforms) = postSolution
		{448786B4-28B1-46F2-A062-03BE11180927}.Debug|Any CPU.ActiveCfg = Debug|Any CPU
		{448786B4-28B1-46F2-A062-03BE11180927}.Debug|Any CPU.Build.0 = Debug|Any CPU
		{448786B4-28B1-46F2-A062-03BE11180927}.Release|Any CPU.ActiveCfg = Release|Any CPU
		{448786B4-28B1-46F2-A062-03BE11180927}.Release|Any CPU.Build.0 = Release|Any CPU
	EndGlobalSection
	GlobalSection(SolutionProperties) = preSolution
		HideSolutionNode = FALSE
	EndGlobalSection
	GlobalSection(ExtensibilityGlobals) = postSolution
		SolutionGuid = {D9EDFE7C-C0E5-4EFA-9DC7-B36A660DAF62}
	EndGlobalSection
EndGlobal
